{
  "name": "json-migrate",
  "version": "0.0.1",
  "lockfileVersion": 1,
  "requires": true,
  "dependencies": {
    "object-mutate": {
      "version": "0.2.2",
      "resolved": "https://registry.npmjs.org/object-mutate/-/object-mutate-0.2.2.tgz",
      "integrity": "sha512-baXw98y238wo/plZbWxMLxQ2Go4tTokHSEcwnMjdxg3k5Gwya2gh24sKOEs4YW4g5rcj8zEdoyoyhDHjZq9eLg=="
    }
  }
}
