{
  "name": "json-migrate",
  "version": "0.0.10",
  "lockfileVersion": 1,
  "requires": true,
  "dependencies": {
    "json-stable-stringify": {
      "version": "1.0.1",
      "resolved": "https://registry.npmjs.org/json-stable-stringify/-/json-stable-stringify-1.0.1.tgz",
      "integrity": "sha1-mnWdOcXy/1A/1TAGRu1EX4jE+a8=",
      "requires": {
        "jsonify": "~0.0.0"
      }
    },
    "jsonify": {
      "version": "0.0.0",
      "resolved": "https://registry.npmjs.org/jsonify/-/jsonify-0.0.0.tgz",
      "integrity": "sha1-LHS27kHZPKUbe1qu6PUDYx0lKnM="
    },
    "object-mutate": {
      "version": "0.2.5",
      "resolved": "https://registry.npmjs.org/object-mutate/-/object-mutate-0.2.5.tgz",
      "integrity": "sha512-kwvSD000awD52uab+504+9YhN+tWhxLqRAjnxAO8OMflM5iCHE3rQNEjiVpdVcUJDpwmhLEkcB6PXUAh0j2wJQ=="
    }
  }
}
