{
  "name": "json-migrate",
  "version": "0.0.3",
  "lockfileVersion": 1,
  "requires": true,
  "dependencies": {
    "object-mutate": {
      "version": "0.2.4",
      "resolved": "https://registry.npmjs.org/object-mutate/-/object-mutate-0.2.4.tgz",
      "integrity": "sha512-6CKMgz7SaxmY6A0DtLbADhl220rLe+/Xm8xizaXTX7BmFQXPL1SWTddOH95KVi2AJ5OlUhe/3Mm751xzUfr6Fw=="
    }
  }
}
